
Microsoft Visual Studio Solution File, Format Version 12.00
# Visual Studio Version 17
VisualStudioVersion = 17.5.002.0
MinimumVisualStudioVersion = 10.0.40219.1
Project("{9A19103F-16F7-4668-BE54-9A1E7A4F7556}") = "dancing-goat", "dancing-goat.csproj", "{BB3AE121-B491-4333-9536-645E526637E7}"
EndProject
Project("{9A19103F-16F7-4668-BE54-9A1E7A4F7556}") = "KwFeeds", "KwFeeds.csproj", "{717BA33E-D3B2-44ED-A82F-B6DD20A4888D}"
EndProject
Global
	GlobalSection(SolutionConfigurationPlatforms) = preSolution
		Debug|Any CPU = Debug|Any CPU
		Release|Any CPU = Release|Any CPU
	EndGlobalSection
	GlobalSection(ProjectConfigurationPlatforms) = postSolution
		{BB3AE121-B491-4333-9536-645E526637E7}.Debug|Any CPU.ActiveCfg = Debug|Any CPU
		{BB3AE121-B491-4333-9536-645E526637E7}.Debug|Any CPU.Build.0 = Debug|Any CPU
		{BB3AE121-B491-4333-9536-645E526637E7}.Release|Any CPU.ActiveCfg = Release|Any CPU
		{BB3AE121-B491-4333-9536-645E526637E7}.Release|Any CPU.Build.0 = Release|Any CPU
		{717BA33E-D3B2-44ED-A82F-B6DD20A4888D}.Debug|Any CPU.ActiveCfg = Debug|Any CPU
		{717BA33E-D3B2-44ED-A82F-B6DD20A4888D}.Debug|Any CPU.Build.0 = Debug|Any CPU
		{717BA33E-D3B2-44ED-A82F-B6DD20A4888D}.Release|Any CPU.ActiveCfg = Release|Any CPU
		{717BA33E-D3B2-44ED-A82F-B6DD20A4888D}.Release|Any CPU.Build.0 = Release|Any CPU
	EndGlobalSection
	GlobalSection(SolutionProperties) = preSolution
		HideSolutionNode = FALSE
	EndGlobalSection
	GlobalSection(ExtensibilityGlobals) = postSolution
		SolutionGuid = {AC011918-AD14-4456-8866-751BC3F63988}
	EndGlobalSection
EndGlobal
